// !$*UTF8*$!
{
	archiveVersion = 1;
	classes = {
	};
	objectVersion = 46;
	objects = {

/* Begin PBXBuildFile section */
		AC05B56D1D9650D500E62954 /* Solver.cpp in Sources */ = {isa = PBXBuildFile; fileRef = AC05B56B1D9650D500E62954 /* Solver.cpp */; };
		AC05B5751D967C0C00E62954 /* libSDL2_ttf-2.0.0.dylib in Frameworks */ = {isa = PBXBuildFile; fileRef = AC05B5741D967C0C00E62954 /* libSDL2_ttf-2.0.0.dylib */; };
		AC05B5771D967E0500E62954 /* libSDL2_image-2.0.0.dylib in Frameworks */ = {isa = PBXBuildFile; fileRef = AC05B5761D967E0500E62954 /* libSDL2_image-2.0.0.dylib */; };
		AC05B57F1D9697E700E62954 /* WordsFinder.cpp in Sources */ = {isa = PBXBuildFile; fileRef = AC05B57D1D9697E700E62954 /* WordsFinder.cpp */; };
		AC05B5831D96C66000E62954 /* WordsJustifier.cpp in Sources */ = {isa = PBXBuildFile; fileRef = AC05B5811D96C66000E62954 /* WordsJustifier.cpp */; };
		AC2D9F881D95C97000B0EDA3 /* libSDL2-2.0.0.dylib in Frameworks */ = {isa = PBXBuildFile; fileRef = AC2D9F871D95C97000B0EDA3 /* libSDL2-2.0.0.dylib */; };
		AC2D9F8B1D95CBE500B0EDA3 /* App.cpp in Sources */ = {isa = PBXBuildFile; fileRef = AC2D9F891D95CBE500B0EDA3 /* App.cpp */; };
		AC32E7BA1D944D3C00D677AA /* main.cpp in Sources */ = {isa = PBXBuildFile; fileRef = AC32E7B91D944D3C00D677AA /* main.cpp */; };
		AC518AAA1D95B740001A65F2 /* Visualizer.cpp in Sources */ = {isa = PBXBuildFile; fileRef = AC518AA81D95B740001A65F2 /* Visualizer.cpp */; };
/* End PBXBuildFile section */

/* Begin PBXCopyFilesBuildPhase section */
		AC32E7B41D944D3C00D677AA /* CopyFiles */ = {
			isa = PBXCopyFilesBuildPhase;
			buildActionMask = 2147483647;
			dstPath = /usr/share/man/man1/;
			dstSubfolderSpec = 0;
			files = (
			);
			runOnlyForDeploymentPostprocessing = 1;
		};
/* End PBXCopyFilesBuildPhase section */

/* Begin PBXFileReference section */
		AC05B5691D964C9A00E62954 /* Utils.hpp */ = {isa = PBXFileReference; fileEncoding = 4; lastKnownFileType = sourcecode.cpp.h; path = Utils.hpp; sourceTree = "<group>"; };
		AC05B56B1D9650D500E62954 /* Solver.cpp */ = {isa = PBXFileReference; fileEncoding = 4; lastKnownFileType = sourcecode.cpp.cpp; path = Solver.cpp; sourceTree = "<group>"; };
		AC05B56C1D9650D500E62954 /* Solver.hpp */ = {isa = PBXFileReference; fileEncoding = 4; lastKnownFileType = sourcecode.cpp.h; path = Solver.hpp; sourceTree = "<group>"; };
		AC05B56F1D96517B00E62954 /* Point.hpp */ = {isa = PBXFileReference; fileEncoding = 4; lastKnownFileType = sourcecode.cpp.h; path = Point.hpp; sourceTree = "<group>"; };
		AC05B5721D967A0600E62954 /* SpeedTest.hpp */ = {isa = PBXFileReference; fileEncoding = 4; lastKnownFileType = sourcecode.cpp.h; path = SpeedTest.hpp; sourceTree = "<group>"; };
		AC05B5741D967C0C00E62954 /* libSDL2_ttf-2.0.0.dylib */ = {isa = PBXFileReference; lastKnownFileType = "compiled.mach-o.dylib"; name = "libSDL2_ttf-2.0.0.dylib"; path = "../../../../usr/local/Cellar/sdl2_ttf/2.0.14/lib/libSDL2_ttf-2.0.0.dylib"; sourceTree = "<group>"; };
		AC05B5761D967E0500E62954 /* libSDL2_image-2.0.0.dylib */ = {isa = PBXFileReference; lastKnownFileType = "compiled.mach-o.dylib"; name = "libSDL2_image-2.0.0.dylib"; path = "../../../../usr/local/Cellar/sdl2_image/2.0.1_1/lib/libSDL2_image-2.0.0.dylib"; sourceTree = "<group>"; };
		AC05B57D1D9697E700E62954 /* WordsFinder.cpp */ = {isa = PBXFileReference; fileEncoding = 4; lastKnownFileType = sourcecode.cpp.cpp; path = WordsFinder.cpp; sourceTree = "<group>"; };
		AC05B57E1D9697E700E62954 /* WordsFinder.hpp */ = {isa = PBXFileReference; fileEncoding = 4; lastKnownFileType = sourcecode.cpp.h; path = WordsFinder.hpp; sourceTree = "<group>"; };
		AC05B5811D96C66000E62954 /* WordsJustifier.cpp */ = {isa = PBXFileReference; fileEncoding = 4; lastKnownFileType = sourcecode.cpp.cpp; path = WordsJustifier.cpp; sourceTree = "<group>"; };
		AC05B5821D96C66000E62954 /* WordsJustifier.hpp */ = {isa = PBXFileReference; fileEncoding = 4; lastKnownFileType = sourcecode.cpp.h; path = WordsJustifier.hpp; sourceTree = "<group>"; };
		AC2D9F871D95C97000B0EDA3 /* libSDL2-2.0.0.dylib */ = {isa = PBXFileReference; lastKnownFileType = "compiled.mach-o.dylib"; name = "libSDL2-2.0.0.dylib"; path = "../../../../usr/local/Cellar/sdl2/2.0.4/lib/libSDL2-2.0.0.dylib"; sourceTree = "<group>"; };
		AC2D9F891D95CBE500B0EDA3 /* App.cpp */ = {isa = PBXFileReference; fileEncoding = 4; lastKnownFileType = sourcecode.cpp.cpp; path = App.cpp; sourceTree = "<group>"; };
		AC2D9F8A1D95CBE500B0EDA3 /* App.hpp */ = {isa = PBXFileReference; fileEncoding = 4; lastKnownFileType = sourcecode.cpp.h; path = App.hpp; sourceTree = "<group>"; };
		AC32E7B61D944D3C00D677AA /* Prjctr */ = {isa = PBXFileReference; explicitFileType = "compiled.mach-o.executable"; includeInIndex = 0; path = Prjctr; sourceTree = BUILT_PRODUCTS_DIR; };
		AC32E7B91D944D3C00D677AA /* main.cpp */ = {isa = PBXFileReference; lastKnownFileType = sourcecode.cpp.cpp; path = main.cpp; sourceTree = "<group>"; };
		AC518AA81D95B740001A65F2 /* Visualizer.cpp */ = {isa = PBXFileReference; fileEncoding = 4; lastKnownFileType = sourcecode.cpp.cpp; path = Visualizer.cpp; sourceTree = "<group>"; };
		AC518AA91D95B740001A65F2 /* Visualizer.h */ = {isa = PBXFileReference; fileEncoding = 4; lastKnownFileType = sourcecode.c.h; path = Visualizer.h; sourceTree = "<group>"; };
/* End PBXFileReference section */

/* Begin PBXFrameworksBuildPhase section */
		AC32E7B31D944D3C00D677AA /* Frameworks */ = {
			isa = PBXFrameworksBuildPhase;
			buildActionMask = 2147483647;
			files = (
				AC05B5771D967E0500E62954 /* libSDL2_image-2.0.0.dylib in Frameworks */,
				AC05B5751D967C0C00E62954 /* libSDL2_ttf-2.0.0.dylib in Frameworks */,
				AC2D9F881D95C97000B0EDA3 /* libSDL2-2.0.0.dylib in Frameworks */,
			);
			runOnlyForDeploymentPostprocessing = 0;
		};
/* End PBXFrameworksBuildPhase section */

/* Begin PBXGroup section */
		AC05B57B1D9697B400E62954 /* Salesman */ = {
			isa = PBXGroup;
			children = (
				AC05B56B1D9650D500E62954 /* Solver.cpp */,
				AC05B56C1D9650D500E62954 /* Solver.hpp */,
			);
			name = Salesman;
			sourceTree = "<group>";
		};
		AC05B57C1D9697C800E62954 /* WordsFinder */ = {
			isa = PBXGroup;
			children = (
				AC05B57D1D9697E700E62954 /* WordsFinder.cpp */,
				AC05B57E1D9697E700E62954 /* WordsFinder.hpp */,
			);
			name = WordsFinder;
			sourceTree = "<group>";
		};
		AC05B5801D96C64100E62954 /* WordsJustifier */ = {
			isa = PBXGroup;
			children = (
				AC05B5811D96C66000E62954 /* WordsJustifier.cpp */,
				AC05B5821D96C66000E62954 /* WordsJustifier.hpp */,
			);
			name = WordsJustifier;
			sourceTree = "<group>";
		};
		AC2D9F861D95C96F00B0EDA3 /* Frameworks */ = {
			isa = PBXGroup;
			children = (
				AC05B5761D967E0500E62954 /* libSDL2_image-2.0.0.dylib */,
				AC05B5741D967C0C00E62954 /* libSDL2_ttf-2.0.0.dylib */,
				AC2D9F871D95C97000B0EDA3 /* libSDL2-2.0.0.dylib */,
			);
			name = Frameworks;
			sourceTree = "<group>";
		};
		AC32E7AD1D944D3C00D677AA = {
			isa = PBXGroup;
			children = (
				AC32E7B81D944D3C00D677AA /* Prjctr */,
				AC32E7B71D944D3C00D677AA /* Products */,
				AC2D9F861D95C96F00B0EDA3 /* Frameworks */,
			);
			sourceTree = "<group>";
		};
		AC32E7B71D944D3C00D677AA /* Products */ = {
			isa = PBXGroup;
			children = (
				AC32E7B61D944D3C00D677AA /* Prjctr */,
			);
			name = Products;
			sourceTree = "<group>";
		};
		AC32E7B81D944D3C00D677AA /* Prjctr */ = {
			isa = PBXGroup;
			children = (
				AC05B5801D96C64100E62954 /* WordsJustifier */,
				AC05B57C1D9697C800E62954 /* WordsFinder */,
				AC05B57B1D9697B400E62954 /* Salesman */,
				AC518AA81D95B740001A65F2 /* Visualizer.cpp */,
				AC518AA91D95B740001A65F2 /* Visualizer.h */,
				AC32E7B91D944D3C00D677AA /* main.cpp */,
				AC2D9F891D95CBE500B0EDA3 /* App.cpp */,
				AC2D9F8A1D95CBE500B0EDA3 /* App.hpp */,
				AC05B5691D964C9A00E62954 /* Utils.hpp */,
				AC05B56F1D96517B00E62954 /* Point.hpp */,
				AC05B5721D967A0600E62954 /* SpeedTest.hpp */,
			);
			path = Prjctr;
			sourceTree = "<group>";
		};
/* End PBXGroup section */

/* Begin PBXNativeTarget section */
		AC32E7B51D944D3C00D677AA /* Prjctr */ = {
			isa = PBXNativeTarget;
			buildConfigurationList = AC32E7BD1D944D3C00D677AA /* Build configuration list for PBXNativeTarget "Prjctr" */;
			buildPhases = (
				AC32E7B21D944D3C00D677AA /* Sources */,
				AC32E7B31D944D3C00D677AA /* Frameworks */,
				AC32E7B41D944D3C00D677AA /* CopyFiles */,
			);
			buildRules = (
			);
			dependencies = (
			);
			name = Prjctr;
			productName = Prjctr;
			productReference = AC32E7B61D944D3C00D677AA /* Prjctr */;
			productType = "com.apple.product-type.tool";
		};
/* End PBXNativeTarget section */

/* Begin PBXProject section */
		AC32E7AE1D944D3C00D677AA /* Project object */ = {
			isa = PBXProject;
			attributes = {
				LastUpgradeCheck = 0800;
				ORGANIZATIONNAME = Artem;
				TargetAttributes = {
					AC32E7B51D944D3C00D677AA = {
						CreatedOnToolsVersion = 6.4;
					};
				};
			};
			buildConfigurationList = AC32E7B11D944D3C00D677AA /* Build configuration list for PBXProject "Prjctr" */;
			compatibilityVersion = "Xcode 3.2";
			developmentRegion = English;
			hasScannedForEncodings = 0;
			knownRegions = (
				en,
			);
			mainGroup = AC32E7AD1D944D3C00D677AA;
			productRefGroup = AC32E7B71D944D3C00D677AA /* Products */;
			projectDirPath = "";
			projectRoot = "";
			targets = (
				AC32E7B51D944D3C00D677AA /* Prjctr */,
			);
		};
/* End PBXProject section */

/* Begin PBXSourcesBuildPhase section */
		AC32E7B21D944D3C00D677AA /* Sources */ = {
			isa = PBXSourcesBuildPhase;
			buildActionMask = 2147483647;
			files = (
				AC2D9F8B1D95CBE500B0EDA3 /* App.cpp in Sources */,
				AC32E7BA1D944D3C00D677AA /* main.cpp in Sources */,
				AC05B56D1D9650D500E62954 /* Solver.cpp in Sources */,
				AC05B5831D96C66000E62954 /* WordsJustifier.cpp in Sources */,
				AC05B57F1D9697E700E62954 /* WordsFinder.cpp in Sources */,
				AC518AAA1D95B740001A65F2 /* Visualizer.cpp in Sources */,
			);
			runOnlyForDeploymentPostprocessing = 0;
		};
/* End PBXSourcesBuildPhase section */

/* Begin XCBuildConfiguration section */
		AC32E7BB1D944D3C00D677AA /* Debug */ = {
			isa = XCBuildConfiguration;
			buildSettings = {
				ALWAYS_SEARCH_USER_PATHS = NO;
				CLANG_CXX_LANGUAGE_STANDARD = "gnu++0x";
				CLANG_CXX_LIBRARY = "libc++";
				CLANG_ENABLE_MODULES = YES;
				CLANG_ENABLE_OBJC_ARC = YES;
				CLANG_WARN_BOOL_CONVERSION = YES;
				CLANG_WARN_CONSTANT_CONVERSION = YES;
				CLANG_WARN_DIRECT_OBJC_ISA_USAGE = YES_ERROR;
				CLANG_WARN_EMPTY_BODY = YES;
				CLANG_WARN_ENUM_CONVERSION = YES;
				CLANG_WARN_INFINITE_RECURSION = YES;
				CLANG_WARN_INT_CONVERSION = YES;
				CLANG_WARN_OBJC_ROOT_CLASS = YES_ERROR;
				CLANG_WARN_SUSPICIOUS_MOVE = YES;
				CLANG_WARN_UNREACHABLE_CODE = YES;
				CLANG_WARN__DUPLICATE_METHOD_MATCH = YES;
				COPY_PHASE_STRIP = NO;
				DEBUG_INFORMATION_FORMAT = dwarf;
				ENABLE_STRICT_OBJC_MSGSEND = YES;
				ENABLE_TESTABILITY = YES;
				GCC_C_LANGUAGE_STANDARD = gnu99;
				GCC_DYNAMIC_NO_PIC = NO;
				GCC_NO_COMMON_BLOCKS = YES;
				GCC_OPTIMIZATION_LEVEL = 0;
				GCC_PREPROCESSOR_DEFINITIONS = (
					"DEBUG=1",
					"$(inherited)",
				);
				GCC_SYMBOLS_PRIVATE_EXTERN = NO;
				GCC_WARN_64_TO_32_BIT_CONVERSION = YES;
				GCC_WARN_ABOUT_RETURN_TYPE = YES_ERROR;
				GCC_WARN_UNDECLARED_SELECTOR = YES;
				GCC_WARN_UNINITIALIZED_AUTOS = YES_AGGRESSIVE;
				GCC_WARN_UNUSED_FUNCTION = YES;
				GCC_WARN_UNUSED_VARIABLE = YES;
				MACOSX_DEPLOYMENT_TARGET = 10.8;
				MTL_ENABLE_DEBUG_INFO = YES;
				ONLY_ACTIVE_ARCH = YES;
				SDKROOT = macosx;
			};
			name = Debug;
		};
		AC32E7BC1D944D3C00D677AA /* Release */ = {
			isa = XCBuildConfiguration;
			buildSettings = {
				ALWAYS_SEARCH_USER_PATHS = NO;
				CLANG_CXX_LANGUAGE_STANDARD = "gnu++0x";
				CLANG_CXX_LIBRARY = "libc++";
				CLANG_ENABLE_MODULES = YES;
				CLANG_ENABLE_OBJC_ARC = YES;
				CLANG_WARN_BOOL_CONVERSION = YES;
				CLANG_WARN_CONSTANT_CONVERSION = YES;
				CLANG_WARN_DIRECT_OBJC_ISA_USAGE = YES_ERROR;
				CLANG_WARN_EMPTY_BODY = YES;
				CLANG_WARN_ENUM_CONVERSION = YES;
				CLANG_WARN_INFINITE_RECURSION = YES;
				CLANG_WARN_INT_CONVERSION = YES;
				CLANG_WARN_OBJC_ROOT_CLASS = YES_ERROR;
				CLANG_WARN_SUSPICIOUS_MOVE = YES;
				CLANG_WARN_UNREACHABLE_CODE = YES;
				CLANG_WARN__DUPLICATE_METHOD_MATCH = YES;
				COPY_PHASE_STRIP = NO;
				DEBUG_INFORMATION_FORMAT = "dwarf-with-dsym";
				ENABLE_NS_ASSERTIONS = NO;
				ENABLE_STRICT_OBJC_MSGSEND = YES;
				GCC_C_LANGUAGE_STANDARD = gnu99;
				GCC_NO_COMMON_BLOCKS = YES;
				GCC_WARN_64_TO_32_BIT_CONVERSION = YES;
				GCC_WARN_ABOUT_RETURN_TYPE = YES_ERROR;
				GCC_WARN_UNDECLARED_SELECTOR = YES;
				GCC_WARN_UNINITIALIZED_AUTOS = YES_AGGRESSIVE;
				GCC_WARN_UNUSED_FUNCTION = YES;
				GCC_WARN_UNUSED_VARIABLE = YES;
				MACOSX_DEPLOYMENT_TARGET = 10.8;
				MTL_ENABLE_DEBUG_INFO = NO;
				SDKROOT = macosx;
			};
			name = Release;
		};
		AC32E7BE1D944D3C00D677AA /* Debug */ = {
			isa = XCBuildConfiguration;
			buildSettings = {
				GCC_C_LANGUAGE_STANDARD = c11;
				HEADER_SEARCH_PATHS = (
					/usr/local/include,
					/usr/local/Cellar/sdl2_ttf/2.0.14/include,
					/usr/local/Cellar/sdl2_image/2.0.1_1/include/,
				);
				LIBRARY_SEARCH_PATHS = (
					"$(inherited)",
					/usr/local/Cellar/sdl2/2.0.4/lib,
					/usr/local/Cellar/sdl2_ttf/2.0.14/lib,
					/usr/local/Cellar/sdl2_image/2.0.1_1/lib,
				);
				OTHER_CFLAGS = "-I/usr/local/unclude";
				PRODUCT_NAME = "$(TARGET_NAME)";
			};
			name = Debug;
		};
		AC32E7BF1D944D3C00D677AA /* Release */ = {
			isa = XCBuildConfiguration;
			buildSettings = {
				GCC_C_LANGUAGE_STANDARD = c11;
				HEADER_SEARCH_PATHS = (
					/usr/local/include,
					/usr/local/Cellar/sdl2_ttf/2.0.14/include,
					/usr/local/Cellar/sdl2_image/2.0.1_1/include/,
				);
				LIBRARY_SEARCH_PATHS = (
					"$(inherited)",
					/usr/local/Cellar/sdl2/2.0.4/lib,
					/usr/local/Cellar/sdl2_ttf/2.0.14/lib,
					/usr/local/Cellar/sdl2_image/2.0.1_1/lib,
				);
				OTHER_CFLAGS = "-I/usr/local/unclude";
				PRODUCT_NAME = "$(TARGET_NAME)";
			};
			name = Release;
		};
/* End XCBuildConfiguration section */

/* Begin XCConfigurationList section */
		AC32E7B11D944D3C00D677AA /* Build configuration list for PBXProject "Prjctr" */ = {
			isa = XCConfigurationList;
			buildConfigurations = (
				AC32E7BB1D944D3C00D677AA /* Debug */,
				AC32E7BC1D944D3C00D677AA /* Release */,
			);
			defaultConfigurationIsVisible = 0;
			defaultConfigurationName = Release;
		};
		AC32E7BD1D944D3C00D677AA /* Build configuration list for PBXNativeTarget "Prjctr" */ = {
			isa = XCConfigurationList;
			buildConfigurations = (
				AC32E7BE1D944D3C00D677AA /* Debug */,
				AC32E7BF1D944D3C00D677AA /* Release */,
			);
			defaultConfigurationIsVisible = 0;
			defaultConfigurationName = Release;
		};
/* End XCConfigurationList section */
	};
	rootObject = AC32E7AE1D944D3C00D677AA /* Project object */;
}
